
Microsoft Visual Studio Solution File, Format Version 12.00
# Visual Studio Version 16
VisualStudioVersion = 16.0.31424.327
MinimumVisualStudioVersion = 10.0.40219.1
Project("{FAE04EC0-301F-11D3-BF4B-00C04F79EFBC}") = "RssFeed", "RssFeed.csproj", "{AE971A7B-A4B4-4D03-AED4-428330494EAE}"
EndProject
Project("{FAE04EC0-301F-11D3-BF4B-00C04F79EFBC}") = "ArticleFrontEnd", "..\ArticleFrontEnd\ArticleFrontEnd.csproj", "{CE72F7C2-17CC-47F2-A24A-681E085954CB}"
EndProject
Global
	GlobalSection(SolutionConfigurationPlatforms) = preSolution
		Debug|Any CPU = Debug|Any CPU
		Release|Any CPU = Release|Any CPU
	EndGlobalSection
	GlobalSection(ProjectConfigurationPlatforms) = postSolution
		{AE971A7B-A4B4-4D03-AED4-428330494EAE}.Debug|Any CPU.ActiveCfg = Debug|Any CPU
		{AE971A7B-A4B4-4D03-AED4-428330494EAE}.Debug|Any CPU.Build.0 = Debug|Any CPU
		{AE971A7B-A4B4-4D03-AED4-428330494EAE}.Release|Any CPU.ActiveCfg = Release|Any CPU
		{AE971A7B-A4B4-4D03-AED4-428330494EAE}.Release|Any CPU.Build.0 = Release|Any CPU
		{CE72F7C2-17CC-47F2-A24A-681E085954CB}.Debug|Any CPU.ActiveCfg = Debug|Any CPU
		{CE72F7C2-17CC-47F2-A24A-681E085954CB}.Debug|Any CPU.Build.0 = Debug|Any CPU
		{CE72F7C2-17CC-47F2-A24A-681E085954CB}.Release|Any CPU.ActiveCfg = Release|Any CPU
		{CE72F7C2-17CC-47F2-A24A-681E085954CB}.Release|Any CPU.Build.0 = Release|Any CPU
	EndGlobalSection
	GlobalSection(SolutionProperties) = preSolution
		HideSolutionNode = FALSE
	EndGlobalSection
	GlobalSection(ExtensibilityGlobals) = postSolution
		SolutionGuid = {A9048429-F94B-4856-9DF6-C0CB5B815427}
	EndGlobalSection
EndGlobal
